// !$*UTF8*$!
{
	archiveVersion = 1;
	classes = {
	};
	objectVersion = 56;
	objects = {

/* Begin PBXBuildFile section */
		5D022E9029D8502E004F92F7 /* UIView+Extension.swift in Sources */ = {isa = PBXBuildFile; fileRef = 5D022E8F29D8502E004F92F7 /* UIView+Extension.swift */; };
		5D022E9229D850C1004F92F7 /* OnboardingSlide.swift in Sources */ = {isa = PBXBuildFile; fileRef = 5D022E9129D850C1004F92F7 /* OnboardingSlide.swift */; };
		5D022E9729D8529E004F92F7 /* OnboardingCollectionViewCell.swift in Sources */ = {isa = PBXBuildFile; fileRef = 5D022E9629D8529E004F92F7 /* OnboardingCollectionViewCell.swift */; };
		5D022E9B29D86469004F92F7 /* LoginViewController.swift in Sources */ = {isa = PBXBuildFile; fileRef = 5D022E9A29D86469004F92F7 /* LoginViewController.swift */; };
		5D022EA029D8758B004F92F7 /* HomeViewController.swift in Sources */ = {isa = PBXBuildFile; fileRef = 5D022E9F29D8758B004F92F7 /* HomeViewController.swift */; };
		5D38D83229D9743B004AE21C /* SelectSeatViewController.swift in Sources */ = {isa = PBXBuildFile; fileRef = 5D38D83129D9743B004AE21C /* SelectSeatViewController.swift */; };
		5D97BC9B29D9FD7F00FD3ECA /* MyTicketsViewController.swift in Sources */ = {isa = PBXBuildFile; fileRef = 5D97BC9A29D9FD7F00FD3ECA /* MyTicketsViewController.swift */; };
		5D97BC9E29DA02FF00FD3ECA /* MyTicketsTableViewCell.swift in Sources */ = {isa = PBXBuildFile; fileRef = 5D97BC9C29DA02FF00FD3ECA /* MyTicketsTableViewCell.swift */; };
		5D97BC9F29DA02FF00FD3ECA /* MyTicketsTableViewCell.xib in Resources */ = {isa = PBXBuildFile; fileRef = 5D97BC9D29DA02FF00FD3ECA /* MyTicketsTableViewCell.xib */; };
		5DA1286829D9E00A00FE9847 /* SettingsViewController.swift in Sources */ = {isa = PBXBuildFile; fileRef = 5DA1286729D9E00A00FE9847 /* SettingsViewController.swift */; };
		5DC41AD929D97BDD002FE668 /* SelectSeatCollectionViewCell.swift in Sources */ = {isa = PBXBuildFile; fileRef = 5DC41AD729D97BDD002FE668 /* SelectSeatCollectionViewCell.swift */; };
		5DC41ADA29D97BDD002FE668 /* SelectSeatCollectionViewCell.xib in Resources */ = {isa = PBXBuildFile; fileRef = 5DC41AD829D97BDD002FE668 /* SelectSeatCollectionViewCell.xib */; };
		5DC41AE929D99BB1002FE668 /* UserViewController.swift in Sources */ = {isa = PBXBuildFile; fileRef = 5DC41AE829D99BB1002FE668 /* UserViewController.swift */; };
		5DC41AF129D99CF2002FE668 /* UserTableViewCell.swift in Sources */ = {isa = PBXBuildFile; fileRef = 5DC41AEF29D99CF2002FE668 /* UserTableViewCell.swift */; };
		5DC41AF229D99CF2002FE668 /* UserTableViewCell.xib in Resources */ = {isa = PBXBuildFile; fileRef = 5DC41AF029D99CF2002FE668 /* UserTableViewCell.xib */; };
		5DC610A729DC18A1000A3AC5 /* SplashViewController.swift in Sources */ = {isa = PBXBuildFile; fileRef = 5DC610A629DC18A1000A3AC5 /* SplashViewController.swift */; };
		5DC610A929DC35F6000A3AC5 /* NotificationExtension.swift in Sources */ = {isa = PBXBuildFile; fileRef = 5DC610A829DC35F6000A3AC5 /* NotificationExtension.swift */; };
		5DCFEF8529D9D12300892066 /* SignUpViewController.swift in Sources */ = {isa = PBXBuildFile; fileRef = 5DCFEF8429D9D12300892066 /* SignUpViewController.swift */; };
		5DCFEF8729D9D38F00892066 /* GoogleService-Info.plist in Resources */ = {isa = PBXBuildFile; fileRef = 5DCFEF8629D9D38E00892066 /* GoogleService-Info.plist */; };
		5DD3690E29D8859600356F4C /* TimeModel.swift in Sources */ = {isa = PBXBuildFile; fileRef = 5DD3690D29D8859600356F4C /* TimeModel.swift */; };
		5DD3691229D885CB00356F4C /* DateModel.swift in Sources */ = {isa = PBXBuildFile; fileRef = 5DD3691129D885CB00356F4C /* DateModel.swift */; };
		5DD3691429D885F400356F4C /* PassengerModel.swift in Sources */ = {isa = PBXBuildFile; fileRef = 5DD3691329D885F400356F4C /* PassengerModel.swift */; };
		5DD3691629D8862B00356F4C /* TicketModel.swift in Sources */ = {isa = PBXBuildFile; fileRef = 5DD3691529D8862B00356F4C /* TicketModel.swift */; };
		5DD3691A29D89E9F00356F4C /* FindBusViewController.swift in Sources */ = {isa = PBXBuildFile; fileRef = 5DD3691929D89E9F00356F4C /* FindBusViewController.swift */; };
		5DD3691D29D89FB500356F4C /* FindBusTableViewCell.swift in Sources */ = {isa = PBXBuildFile; fileRef = 5DD3691B29D89FB500356F4C /* FindBusTableViewCell.swift */; };
		5DD3691E29D89FB500356F4C /* FindBusTableViewCell.xib in Resources */ = {isa = PBXBuildFile; fileRef = 5DD3691C29D89FB500356F4C /* FindBusTableViewCell.xib */; };
		5DD3692129D8CB6100356F4C /* FindBusModel.swift in Sources */ = {isa = PBXBuildFile; fileRef = 5DD3692029D8CB6100356F4C /* FindBusModel.swift */; };
		5DD3692329D8DACA00356F4C /* AlertExtension.swift in Sources */ = {isa = PBXBuildFile; fileRef = 5DD3692229D8DACA00356F4C /* AlertExtension.swift */; };
		5DED7E5F29D84C6500B87543 /* AppDelegate.swift in Sources */ = {isa = PBXBuildFile; fileRef = 5DED7E5E29D84C6500B87543 /* AppDelegate.swift */; };
		5DED7E6129D84C6500B87543 /* SceneDelegate.swift in Sources */ = {isa = PBXBuildFile; fileRef = 5DED7E6029D84C6500B87543 /* SceneDelegate.swift */; };
		5DED7E6629D84C6500B87543 /* Main.storyboard in Resources */ = {isa = PBXBuildFile; fileRef = 5DED7E6429D84C6500B87543 /* Main.storyboard */; };
		5DED7E6829D84C6600B87543 /* Assets.xcassets in Resources */ = {isa = PBXBuildFile; fileRef = 5DED7E6729D84C6600B87543 /* Assets.xcassets */; };
		5DED7E6B29D84C6600B87543 /* LaunchScreen.storyboard in Resources */ = {isa = PBXBuildFile; fileRef = 5DED7E6929D84C6600B87543 /* LaunchScreen.storyboard */; };
		5DED7E7829D84E2000B87543 /* OnboardingViewController.swift in Sources */ = {isa = PBXBuildFile; fileRef = 5DED7E7729D84E2000B87543 /* OnboardingViewController.swift */; };
		A4DD1A06809FBC2BDDF40DDB /* Pods_BusBus.framework in Frameworks */ = {isa = PBXBuildFile; fileRef = 5887AC30F4A67C1443673B1E /* Pods_BusBus.framework */; };
/* End PBXBuildFile section */

/* Begin PBXFileReference section */
		48F5E6752A0819B5C0A0FE55 /* Pods-BusBus.release.xcconfig */ = {isa = PBXFileReference; includeInIndex = 1; lastKnownFileType = text.xcconfig; name = "Pods-BusBus.release.xcconfig"; path = "Target Support Files/Pods-BusBus/Pods-BusBus.release.xcconfig"; sourceTree = "<group>"; };
		5887AC30F4A67C1443673B1E /* Pods_BusBus.framework */ = {isa = PBXFileReference; explicitFileType = wrapper.framework; includeInIndex = 0; path = Pods_BusBus.framework; sourceTree = BUILT_PRODUCTS_DIR; };
		5D022E8F29D8502E004F92F7 /* UIView+Extension.swift */ = {isa = PBXFileReference; lastKnownFileType = sourcecode.swift; path = "UIView+Extension.swift"; sourceTree = "<group>"; };
		5D022E9129D850C1004F92F7 /* OnboardingSlide.swift */ = {isa = PBXFileReference; lastKnownFileType = sourcecode.swift; path = OnboardingSlide.swift; sourceTree = "<group>"; };
		5D022E9629D8529E004F92F7 /* OnboardingCollectionViewCell.swift */ = {isa = PBXFileReference; lastKnownFileType = sourcecode.swift; path = OnboardingCollectionViewCell.swift; sourceTree = "<group>"; };
		5D022E9A29D86469004F92F7 /* LoginViewController.swift */ = {isa = PBXFileReference; lastKnownFileType = sourcecode.swift; path = LoginViewController.swift; sourceTree = "<group>"; };
		5D022E9F29D8758B004F92F7 /* HomeViewController.swift */ = {isa = PBXFileReference; lastKnownFileType = sourcecode.swift; path = HomeViewController.swift; sourceTree = "<group>"; };
		5D38D83129D9743B004AE21C /* SelectSeatViewController.swift */ = {isa = PBXFileReference; lastKnownFileType = sourcecode.swift; path = SelectSeatViewController.swift; sourceTree = "<group>"; };
		5D97BC9A29D9FD7F00FD3ECA /* MyTicketsViewController.swift */ = {isa = PBXFileReference; lastKnownFileType = sourcecode.swift; path = MyTicketsViewController.swift; sourceTree = "<group>"; };
		5D97BC9C29DA02FF00FD3ECA /* MyTicketsTableViewCell.swift */ = {isa = PBXFileReference; lastKnownFileType = sourcecode.swift; path = MyTicketsTableViewCell.swift; sourceTree = "<group>"; };
		5D97BC9D29DA02FF00FD3ECA /* MyTicketsTableViewCell.xib */ = {isa = PBXFileReference; lastKnownFileType = file.xib; path = MyTicketsTableViewCell.xib; sourceTree = "<group>"; };
		5DA1286729D9E00A00FE9847 /* SettingsViewController.swift */ = {isa = PBXFileReference; lastKnownFileType = sourcecode.swift; path = SettingsViewController.swift; sourceTree = "<group>"; };
		5DC41AD729D97BDD002FE668 /* SelectSeatCollectionViewCell.swift */ = {isa = PBXFileReference; lastKnownFileType = sourcecode.swift; path = SelectSeatCollectionViewCell.swift; sourceTree = "<group>"; };
		5DC41AD829D97BDD002FE668 /* SelectSeatCollectionViewCell.xib */ = {isa = PBXFileReference; lastKnownFileType = file.xib; path = SelectSeatCollectionViewCell.xib; sourceTree = "<group>"; };
		5DC41AE829D99BB1002FE668 /* UserViewController.swift */ = {isa = PBXFileReference; lastKnownFileType = sourcecode.swift; path = UserViewController.swift; sourceTree = "<group>"; };
		5DC41AEF29D99CF2002FE668 /* UserTableViewCell.swift */ = {isa = PBXFileReference; lastKnownFileType = sourcecode.swift; path = UserTableViewCell.swift; sourceTree = "<group>"; };
		5DC41AF029D99CF2002FE668 /* UserTableViewCell.xib */ = {isa = PBXFileReference; lastKnownFileType = file.xib; path = UserTableViewCell.xib; sourceTree = "<group>"; };
		5DC610A629DC18A1000A3AC5 /* SplashViewController.swift */ = {isa = PBXFileReference; lastKnownFileType = sourcecode.swift; path = SplashViewController.swift; sourceTree = "<group>"; };
		5DC610A829DC35F6000A3AC5 /* NotificationExtension.swift */ = {isa = PBXFileReference; lastKnownFileType = sourcecode.swift; path = NotificationExtension.swift; sourceTree = "<group>"; };
		5DCFEF8429D9D12300892066 /* SignUpViewController.swift */ = {isa = PBXFileReference; lastKnownFileType = sourcecode.swift; path = SignUpViewController.swift; sourceTree = "<group>"; };
		5DCFEF8629D9D38E00892066 /* GoogleService-Info.plist */ = {isa = PBXFileReference; fileEncoding = 4; lastKnownFileType = text.plist.xml; path = "GoogleService-Info.plist"; sourceTree = "<group>"; };
		5DD3690D29D8859600356F4C /* TimeModel.swift */ = {isa = PBXFileReference; lastKnownFileType = sourcecode.swift; path = TimeModel.swift; sourceTree = "<group>"; };
		5DD3691129D885CB00356F4C /* DateModel.swift */ = {isa = PBXFileReference; lastKnownFileType = sourcecode.swift; path = DateModel.swift; sourceTree = "<group>"; };
		5DD3691329D885F400356F4C /* PassengerModel.swift */ = {isa = PBXFileReference; lastKnownFileType = sourcecode.swift; path = PassengerModel.swift; sourceTree = "<group>"; };
		5DD3691529D8862B00356F4C /* TicketModel.swift */ = {isa = PBXFileReference; lastKnownFileType = sourcecode.swift; path = TicketModel.swift; sourceTree = "<group>"; };
		5DD3691929D89E9F00356F4C /* FindBusViewController.swift */ = {isa = PBXFileReference; lastKnownFileType = sourcecode.swift; path = FindBusViewController.swift; sourceTree = "<group>"; };
		5DD3691B29D89FB500356F4C /* FindBusTableViewCell.swift */ = {isa = PBXFileReference; lastKnownFileType = sourcecode.swift; path = FindBusTableViewCell.swift; sourceTree = "<group>"; };
		5DD3691C29D89FB500356F4C /* FindBusTableViewCell.xib */ = {isa = PBXFileReference; lastKnownFileType = file.xib; path = FindBusTableViewCell.xib; sourceTree = "<group>"; };
		5DD3692029D8CB6100356F4C /* FindBusModel.swift */ = {isa = PBXFileReference; lastKnownFileType = sourcecode.swift; path = FindBusModel.swift; sourceTree = "<group>"; };
		5DD3692229D8DACA00356F4C /* AlertExtension.swift */ = {isa = PBXFileReference; lastKnownFileType = sourcecode.swift; path = AlertExtension.swift; sourceTree = "<group>"; };
		5DED7E5B29D84C6500B87543 /* BusBus.app */ = {isa = PBXFileReference; explicitFileType = wrapper.application; includeInIndex = 0; path = BusBus.app; sourceTree = BUILT_PRODUCTS_DIR; };
		5DED7E5E29D84C6500B87543 /* AppDelegate.swift */ = {isa = PBXFileReference; lastKnownFileType = sourcecode.swift; path = AppDelegate.swift; sourceTree = "<group>"; };
		5DED7E6029D84C6500B87543 /* SceneDelegate.swift */ = {isa = PBXFileReference; lastKnownFileType = sourcecode.swift; path = SceneDelegate.swift; sourceTree = "<group>"; };
		5DED7E6529D84C6500B87543 /* Base */ = {isa = PBXFileReference; lastKnownFileType = file.storyboard; name = Base; path = Base.lproj/Main.storyboard; sourceTree = "<group>"; };
		5DED7E6729D84C6600B87543 /* Assets.xcassets */ = {isa = PBXFileReference; lastKnownFileType = folder.assetcatalog; path = Assets.xcassets; sourceTree = "<group>"; };
		5DED7E6A29D84C6600B87543 /* Base */ = {isa = PBXFileReference; lastKnownFileType = file.storyboard; name = Base; path = Base.lproj/LaunchScreen.storyboard; sourceTree = "<group>"; };
		5DED7E6C29D84C6600B87543 /* Info.plist */ = {isa = PBXFileReference; lastKnownFileType = text.plist.xml; path = Info.plist; sourceTree = "<group>"; };
		5DED7E7729D84E2000B87543 /* OnboardingViewController.swift */ = {isa = PBXFileReference; lastKnownFileType = sourcecode.swift; path = OnboardingViewController.swift; sourceTree = "<group>"; };
		648AC10F329CDF8C4F886E67 /* Pods-BusBus.debug.xcconfig */ = {isa = PBXFileReference; includeInIndex = 1; lastKnownFileType = text.xcconfig; name = "Pods-BusBus.debug.xcconfig"; path = "Target Support Files/Pods-BusBus/Pods-BusBus.debug.xcconfig"; sourceTree = "<group>"; };
/* End PBXFileReference section */

/* Begin PBXFrameworksBuildPhase section */
		5DED7E5829D84C6500B87543 /* Frameworks */ = {
			isa = PBXFrameworksBuildPhase;
			buildActionMask = 2147483647;
			files = (
				A4DD1A06809FBC2BDDF40DDB /* Pods_BusBus.framework in Frameworks */,
			);
			runOnlyForDeploymentPostprocessing = 0;
		};
/* End PBXFrameworksBuildPhase section */

/* Begin PBXGroup section */
		148F4E533399E55F4656421F /* Frameworks */ = {
			isa = PBXGroup;
			children = (
				5887AC30F4A67C1443673B1E /* Pods_BusBus.framework */,
			);
			name = Frameworks;
			sourceTree = "<group>";
		};
		5D022E8E29D85013004F92F7 /* Extensions */ = {
			isa = PBXGroup;
			children = (
				5D022E8F29D8502E004F92F7 /* UIView+Extension.swift */,
				5DD3692229D8DACA00356F4C /* AlertExtension.swift */,
				5DC610A829DC35F6000A3AC5 /* NotificationExtension.swift */,
			);
			path = Extensions;
			sourceTree = "<group>";
		};
		5D022E9429D85121004F92F7 /* OnboardingView */ = {
			isa = PBXGroup;
			children = (
				5DED7E7729D84E2000B87543 /* OnboardingViewController.swift */,
				5D022E9629D8529E004F92F7 /* OnboardingCollectionViewCell.swift */,
			);
			path = OnboardingView;
			sourceTree = "<group>";
		};
		5D022E9C29D866E0004F92F7 /* Core */ = {
			isa = PBXGroup;
			children = (
				5DED7E6029D84C6500B87543 /* SceneDelegate.swift */,
				5DED7E5E29D84C6500B87543 /* AppDelegate.swift */,
			);
			path = Core;
			sourceTree = "<group>";
		};
		5D38D83329D97442004AE21C /* SelectSeatView */ = {
			isa = PBXGroup;
			children = (
				5D38D83129D9743B004AE21C /* SelectSeatViewController.swift */,
				5DC41AD729D97BDD002FE668 /* SelectSeatCollectionViewCell.swift */,
				5DC41AD829D97BDD002FE668 /* SelectSeatCollectionViewCell.xib */,
			);
			path = SelectSeatView;
			sourceTree = "<group>";
		};
		5D5A316629DB65B2006E9442 /* Views */ = {
			isa = PBXGroup;
			children = (
				5DC610A629DC18A1000A3AC5 /* SplashViewController.swift */,
				5D022E9A29D86469004F92F7 /* LoginViewController.swift */,
				5DCFEF8429D9D12300892066 /* SignUpViewController.swift */,
				5D022E9F29D8758B004F92F7 /* HomeViewController.swift */,
				5DA1286729D9E00A00FE9847 /* SettingsViewController.swift */,
				5D022E9429D85121004F92F7 /* OnboardingView */,
				5DD3691829D89E9100356F4C /* FindBusView */,
				5D38D83329D97442004AE21C /* SelectSeatView */,
				5DC41AEC29D99BC5002FE668 /* UserView */,
				5D97BC9829D9FD5F00FD3ECA /* MyTicketsView */,
			);
			path = Views;
			sourceTree = "<group>";
		};
		5D5A316729DB65BA006E9442 /* Models */ = {
			isa = PBXGroup;
			children = (
				5DD3691529D8862B00356F4C /* TicketModel.swift */,
				5DD3691329D885F400356F4C /* PassengerModel.swift */,
				5DD3691129D885CB00356F4C /* DateModel.swift */,
				5DD3690D29D8859600356F4C /* TimeModel.swift */,
				5D022E9129D850C1004F92F7 /* OnboardingSlide.swift */,
				5DD3692029D8CB6100356F4C /* FindBusModel.swift */,
			);
			path = Models;
			sourceTree = "<group>";
		};
		5D97BC9829D9FD5F00FD3ECA /* MyTicketsView */ = {
			isa = PBXGroup;
			children = (
				5D97BC9A29D9FD7F00FD3ECA /* MyTicketsViewController.swift */,
				5D97BC9C29DA02FF00FD3ECA /* MyTicketsTableViewCell.swift */,
				5D97BC9D29DA02FF00FD3ECA /* MyTicketsTableViewCell.xib */,
			);
			path = MyTicketsView;
			sourceTree = "<group>";
		};
		5DC41AEC29D99BC5002FE668 /* UserView */ = {
			isa = PBXGroup;
			children = (
				5DC41AE829D99BB1002FE668 /* UserViewController.swift */,
				5DC41AEF29D99CF2002FE668 /* UserTableViewCell.swift */,
				5DC41AF029D99CF2002FE668 /* UserTableViewCell.xib */,
			);
			path = UserView;
			sourceTree = "<group>";
		};
		5DD3691829D89E9100356F4C /* FindBusView */ = {
			isa = PBXGroup;
			children = (
				5DD3691929D89E9F00356F4C /* FindBusViewController.swift */,
				5DD3691B29D89FB500356F4C /* FindBusTableViewCell.swift */,
				5DD3691C29D89FB500356F4C /* FindBusTableViewCell.xib */,
			);
			path = FindBusView;
			sourceTree = "<group>";
		};
		5DED7E5229D84C6500B87543 = {
			isa = PBXGroup;
			children = (
				5DED7E5D29D84C6500B87543 /* BusBus */,
				5DED7E5C29D84C6500B87543 /* Products */,
				9A2183689A0E9CD918FF99D8 /* Pods */,
				148F4E533399E55F4656421F /* Frameworks */,
			);
			sourceTree = "<group>";
		};
		5DED7E5C29D84C6500B87543 /* Products */ = {
			isa = PBXGroup;
			children = (
				5DED7E5B29D84C6500B87543 /* BusBus.app */,
			);
			name = Products;
			sourceTree = "<group>";
		};
		5DED7E5D29D84C6500B87543 /* BusBus */ = {
			isa = PBXGroup;
			children = (
				5D022E9C29D866E0004F92F7 /* Core */,
				5D022E8E29D85013004F92F7 /* Extensions */,
				5D5A316729DB65BA006E9442 /* Models */,
				5D5A316629DB65B2006E9442 /* Views */,
				5DED7E6429D84C6500B87543 /* Main.storyboard */,
				5DED7E6729D84C6600B87543 /* Assets.xcassets */,
				5DED7E6929D84C6600B87543 /* LaunchScreen.storyboard */,
				5DED7E6C29D84C6600B87543 /* Info.plist */,
				5DCFEF8629D9D38E00892066 /* GoogleService-Info.plist */,
			);
			path = BusBus;
			sourceTree = "<group>";
		};
		9A2183689A0E9CD918FF99D8 /* Pods */ = {
			isa = PBXGroup;
			children = (
				648AC10F329CDF8C4F886E67 /* Pods-BusBus.debug.xcconfig */,
				48F5E6752A0819B5C0A0FE55 /* Pods-BusBus.release.xcconfig */,
			);
			path = Pods;
			sourceTree = "<group>";
		};
/* End PBXGroup section */

/* Begin PBXNativeTarget section */
		5DED7E5A29D84C6500B87543 /* BusBus */ = {
			isa = PBXNativeTarget;
			buildConfigurationList = 5DED7E6F29D84C6600B87543 /* Build configuration list for PBXNativeTarget "BusBus" */;
			buildPhases = (
				BFE924FF9E530596FF839647 /* [CP] Check Pods Manifest.lock */,
				5DED7E5729D84C6500B87543 /* Sources */,
				5DED7E5829D84C6500B87543 /* Frameworks */,
				5DED7E5929D84C6500B87543 /* Resources */,
				F1180829145DDDA367C664D3 /* [CP] Embed Pods Frameworks */,
			);
			buildRules = (
			);
			dependencies = (
			);
			name = BusBus;
			productName = BusBus;
			productReference = 5DED7E5B29D84C6500B87543 /* BusBus.app */;
			productType = "com.apple.product-type.application";
		};
/* End PBXNativeTarget section */

/* Begin PBXProject section */
		5DED7E5329D84C6500B87543 /* Project object */ = {
			isa = PBXProject;
			attributes = {
				BuildIndependentTargetsInParallel = 1;
				LastSwiftUpdateCheck = 1420;
				LastUpgradeCheck = 1420;
				TargetAttributes = {
					5DED7E5A29D84C6500B87543 = {
						CreatedOnToolsVersion = 14.2;
					};
				};
			};
			buildConfigurationList = 5DED7E5629D84C6500B87543 /* Build configuration list for PBXProject "BusBus" */;
			compatibilityVersion = "Xcode 14.0";
			developmentRegion = en;
			hasScannedForEncodings = 0;
			knownRegions = (
				en,
				Base,
			);
			mainGroup = 5DED7E5229D84C6500B87543;
			productRefGroup = 5DED7E5C29D84C6500B87543 /* Products */;
			projectDirPath = "";
			projectRoot = "";
			targets = (
				5DED7E5A29D84C6500B87543 /* BusBus */,
			);
		};
/* End PBXProject section */

/* Begin PBXResourcesBuildPhase section */
		5DED7E5929D84C6500B87543 /* Resources */ = {
			isa = PBXResourcesBuildPhase;
			buildActionMask = 2147483647;
			files = (
				5DED7E6B29D84C6600B87543 /* LaunchScreen.storyboard in Resources */,
				5DED7E6829D84C6600B87543 /* Assets.xcassets in Resources */,
				5DED7E6629D84C6500B87543 /* Main.storyboard in Resources */,
				5D97BC9F29DA02FF00FD3ECA /* MyTicketsTableViewCell.xib in Resources */,
				5DC41ADA29D97BDD002FE668 /* SelectSeatCollectionViewCell.xib in Resources */,
				5DC41AF229D99CF2002FE668 /* UserTableViewCell.xib in Resources */,
				5DD3691E29D89FB500356F4C /* FindBusTableViewCell.xib in Resources */,
				5DCFEF8729D9D38F00892066 /* GoogleService-Info.plist in Resources */,
			);
			runOnlyForDeploymentPostprocessing = 0;
		};
/* End PBXResourcesBuildPhase section */

/* Begin PBXShellScriptBuildPhase section */
		BFE924FF9E530596FF839647 /* [CP] Check Pods Manifest.lock */ = {
			isa = PBXShellScriptBuildPhase;
			buildActionMask = 2147483647;
			files = (
			);
			inputFileListPaths = (
			);
			inputPaths = (
				"${PODS_PODFILE_DIR_PATH}/Podfile.lock",
				"${PODS_ROOT}/Manifest.lock",
			);
			name = "[CP] Check Pods Manifest.lock";
			outputFileListPaths = (
			);
			outputPaths = (
				"$(DERIVED_FILE_DIR)/Pods-BusBus-checkManifestLockResult.txt",
			);
			runOnlyForDeploymentPostprocessing = 0;
			shellPath = /bin/sh;
			shellScript = "diff \"${PODS_PODFILE_DIR_PATH}/Podfile.lock\" \"${PODS_ROOT}/Manifest.lock\" > /dev/null\nif [ $? != 0 ] ; then\n    # print error to STDERR\n    echo \"error: The sandbox is not in sync with the Podfile.lock. Run 'pod install' or update your CocoaPods installation.\" >&2\n    exit 1\nfi\n# This output is used by Xcode 'outputs' to avoid re-running this script phase.\necho \"SUCCESS\" > \"${SCRIPT_OUTPUT_FILE_0}\"\n";
			showEnvVarsInLog = 0;
		};
		F1180829145DDDA367C664D3 /* [CP] Embed Pods Frameworks */ = {
			isa = PBXShellScriptBuildPhase;
			buildActionMask = 2147483647;
			files = (
			);
			inputFileListPaths = (
				"${PODS_ROOT}/Target Support Files/Pods-BusBus/Pods-BusBus-frameworks-${CONFIGURATION}-input-files.xcfilelist",
			);
			name = "[CP] Embed Pods Frameworks";
			outputFileListPaths = (
				"${PODS_ROOT}/Target Support Files/Pods-BusBus/Pods-BusBus-frameworks-${CONFIGURATION}-output-files.xcfilelist",
			);
			runOnlyForDeploymentPostprocessing = 0;
			shellPath = /bin/sh;
			shellScript = "\"${PODS_ROOT}/Target Support Files/Pods-BusBus/Pods-BusBus-frameworks.sh\"\n";
			showEnvVarsInLog = 0;
		};
/* End PBXShellScriptBuildPhase section */

/* Begin PBXSourcesBuildPhase section */
		5DED7E5729D84C6500B87543 /* Sources */ = {
			isa = PBXSourcesBuildPhase;
			buildActionMask = 2147483647;
			files = (
				5DCFEF8529D9D12300892066 /* SignUpViewController.swift in Sources */,
				5D022E9B29D86469004F92F7 /* LoginViewController.swift in Sources */,
				5DD3691D29D89FB500356F4C /* FindBusTableViewCell.swift in Sources */,
				5D022E9229D850C1004F92F7 /* OnboardingSlide.swift in Sources */,
				5DC610A929DC35F6000A3AC5 /* NotificationExtension.swift in Sources */,
				5DED7E5F29D84C6500B87543 /* AppDelegate.swift in Sources */,
				5D38D83229D9743B004AE21C /* SelectSeatViewController.swift in Sources */,
				5DD3692329D8DACA00356F4C /* AlertExtension.swift in Sources */,
				5D022EA029D8758B004F92F7 /* HomeViewController.swift in Sources */,
				5DD3690E29D8859600356F4C /* TimeModel.swift in Sources */,
				5DC610A729DC18A1000A3AC5 /* SplashViewController.swift in Sources */,
				5DD3692129D8CB6100356F4C /* FindBusModel.swift in Sources */,
				5DC41AD929D97BDD002FE668 /* SelectSeatCollectionViewCell.swift in Sources */,
				5DD3691629D8862B00356F4C /* TicketModel.swift in Sources */,
				5DD3691A29D89E9F00356F4C /* FindBusViewController.swift in Sources */,
				5DD3691229D885CB00356F4C /* DateModel.swift in Sources */,
				5DD3691429D885F400356F4C /* PassengerModel.swift in Sources */,
				5DA1286829D9E00A00FE9847 /* SettingsViewController.swift in Sources */,
				5DED7E7829D84E2000B87543 /* OnboardingViewController.swift in Sources */,
				5D022E9029D8502E004F92F7 /* UIView+Extension.swift in Sources */,
				5DC41AF129D99CF2002FE668 /* UserTableViewCell.swift in Sources */,
				5DED7E6129D84C6500B87543 /* SceneDelegate.swift in Sources */,
				5D97BC9B29D9FD7F00FD3ECA /* MyTicketsViewController.swift in Sources */,
				5D97BC9E29DA02FF00FD3ECA /* MyTicketsTableViewCell.swift in Sources */,
				5D022E9729D8529E004F92F7 /* OnboardingCollectionViewCell.swift in Sources */,
				5DC41AE929D99BB1002FE668 /* UserViewController.swift in Sources */,
			);
			runOnlyForDeploymentPostprocessing = 0;
		};
/* End PBXSourcesBuildPhase section */

/* Begin PBXVariantGroup section */
		5DED7E6429D84C6500B87543 /* Main.storyboard */ = {
			isa = PBXVariantGroup;
			children = (
				5DED7E6529D84C6500B87543 /* Base */,
			);
			name = Main.storyboard;
			sourceTree = "<group>";
		};
		5DED7E6929D84C6600B87543 /* LaunchScreen.storyboard */ = {
			isa = PBXVariantGroup;
			children = (
				5DED7E6A29D84C6600B87543 /* Base */,
			);
			name = LaunchScreen.storyboard;
			sourceTree = "<group>";
		};
/* End PBXVariantGroup section */

/* Begin XCBuildConfiguration section */
		5DED7E6D29D84C6600B87543 /* Debug */ = {
			isa = XCBuildConfiguration;
			buildSettings = {
				ALWAYS_SEARCH_USER_PATHS = NO;
				CLANG_ANALYZER_NONNULL = YES;
				CLANG_ANALYZER_NUMBER_OBJECT_CONVERSION = YES_AGGRESSIVE;
				CLANG_CXX_LANGUAGE_STANDARD = "gnu++20";
				CLANG_ENABLE_MODULES = YES;
				CLANG_ENABLE_OBJC_ARC = YES;
				CLANG_ENABLE_OBJC_WEAK = YES;
				CLANG_WARN_BLOCK_CAPTURE_AUTORELEASING = YES;
				CLANG_WARN_BOOL_CONVERSION = YES;
				CLANG_WARN_COMMA = YES;
				CLANG_WARN_CONSTANT_CONVERSION = YES;
				CLANG_WARN_DEPRECATED_OBJC_IMPLEMENTATIONS = YES;
				CLANG_WARN_DIRECT_OBJC_ISA_USAGE = YES_ERROR;
				CLANG_WARN_DOCUMENTATION_COMMENTS = YES;
				CLANG_WARN_EMPTY_BODY = YES;
				CLANG_WARN_ENUM_CONVERSION = YES;
				CLANG_WARN_INFINITE_RECURSION = YES;
				CLANG_WARN_INT_CONVERSION = YES;
				CLANG_WARN_NON_LITERAL_NULL_CONVERSION = YES;
				CLANG_WARN_OBJC_IMPLICIT_RETAIN_SELF = YES;
				CLANG_WARN_OBJC_LITERAL_CONVERSION = YES;
				CLANG_WARN_OBJC_ROOT_CLASS = YES_ERROR;
				CLANG_WARN_QUOTED_INCLUDE_IN_FRAMEWORK_HEADER = YES;
				CLANG_WARN_RANGE_LOOP_ANALYSIS = YES;
				CLANG_WARN_STRICT_PROTOTYPES = YES;
				CLANG_WARN_SUSPICIOUS_MOVE = YES;
				CLANG_WARN_UNGUARDED_AVAILABILITY = YES_AGGRESSIVE;
				CLANG_WARN_UNREACHABLE_CODE = YES;
				CLANG_WARN__DUPLICATE_METHOD_MATCH = YES;
				COPY_PHASE_STRIP = NO;
				DEBUG_INFORMATION_FORMAT = dwarf;
				ENABLE_STRICT_OBJC_MSGSEND = YES;
				ENABLE_TESTABILITY = YES;
				GCC_C_LANGUAGE_STANDARD = gnu11;
				GCC_DYNAMIC_NO_PIC = NO;
				GCC_NO_COMMON_BLOCKS = YES;
				GCC_OPTIMIZATION_LEVEL = 0;
				GCC_PREPROCESSOR_DEFINITIONS = (
					"DEBUG=1",
					"$(inherited)",
				);
				GCC_WARN_64_TO_32_BIT_CONVERSION = YES;
				GCC_WARN_ABOUT_RETURN_TYPE = YES_ERROR;
				GCC_WARN_UNDECLARED_SELECTOR = YES;
				GCC_WARN_UNINITIALIZED_AUTOS = YES_AGGRESSIVE;
				GCC_WARN_UNUSED_FUNCTION = YES;
				GCC_WARN_UNUSED_VARIABLE = YES;
				IPHONEOS_DEPLOYMENT_TARGET = 16.2;
				MTL_ENABLE_DEBUG_INFO = INCLUDE_SOURCE;
				MTL_FAST_MATH = YES;
				ONLY_ACTIVE_ARCH = YES;
				SDKROOT = iphoneos;
				SWIFT_ACTIVE_COMPILATION_CONDITIONS = DEBUG;
				SWIFT_OPTIMIZATION_LEVEL = "-Onone";
			};
			name = Debug;
		};
		5DED7E6E29D84C6600B87543 /* Release */ = {
			isa = XCBuildConfiguration;
			buildSettings = {
				ALWAYS_SEARCH_USER_PATHS = NO;
				CLANG_ANALYZER_NONNULL = YES;
				CLANG_ANALYZER_NUMBER_OBJECT_CONVERSION = YES_AGGRESSIVE;
				CLANG_CXX_LANGUAGE_STANDARD = "gnu++20";
				CLANG_ENABLE_MODULES = YES;
				CLANG_ENABLE_OBJC_ARC = YES;
				CLANG_ENABLE_OBJC_WEAK = YES;
				CLANG_WARN_BLOCK_CAPTURE_AUTORELEASING = YES;
				CLANG_WARN_BOOL_CONVERSION = YES;
				CLANG_WARN_COMMA = YES;
				CLANG_WARN_CONSTANT_CONVERSION = YES;
				CLANG_WARN_DEPRECATED_OBJC_IMPLEMENTATIONS = YES;
				CLANG_WARN_DIRECT_OBJC_ISA_USAGE = YES_ERROR;
				CLANG_WARN_DOCUMENTATION_COMMENTS = YES;
				CLANG_WARN_EMPTY_BODY = YES;
				CLANG_WARN_ENUM_CONVERSION = YES;
				CLANG_WARN_INFINITE_RECURSION = YES;
				CLANG_WARN_INT_CONVERSION = YES;
				CLANG_WARN_NON_LITERAL_NULL_CONVERSION = YES;
				CLANG_WARN_OBJC_IMPLICIT_RETAIN_SELF = YES;
				CLANG_WARN_OBJC_LITERAL_CONVERSION = YES;
				CLANG_WARN_OBJC_ROOT_CLASS = YES_ERROR;
				CLANG_WARN_QUOTED_INCLUDE_IN_FRAMEWORK_HEADER = YES;
				CLANG_WARN_RANGE_LOOP_ANALYSIS = YES;
				CLANG_WARN_STRICT_PROTOTYPES = YES;
				CLANG_WARN_SUSPICIOUS_MOVE = YES;
				CLANG_WARN_UNGUARDED_AVAILABILITY = YES_AGGRESSIVE;
				CLANG_WARN_UNREACHABLE_CODE = YES;
				CLANG_WARN__DUPLICATE_METHOD_MATCH = YES;
				COPY_PHASE_STRIP = NO;
				DEBUG_INFORMATION_FORMAT = "dwarf-with-dsym";
				ENABLE_NS_ASSERTIONS = NO;
				ENABLE_STRICT_OBJC_MSGSEND = YES;
				GCC_C_LANGUAGE_STANDARD = gnu11;
				GCC_NO_COMMON_BLOCKS = YES;
				GCC_WARN_64_TO_32_BIT_CONVERSION = YES;
				GCC_WARN_ABOUT_RETURN_TYPE = YES_ERROR;
				GCC_WARN_UNDECLARED_SELECTOR = YES;
				GCC_WARN_UNINITIALIZED_AUTOS = YES_AGGRESSIVE;
				GCC_WARN_UNUSED_FUNCTION = YES;
				GCC_WARN_UNUSED_VARIABLE = YES;
				IPHONEOS_DEPLOYMENT_TARGET = 16.2;
				MTL_ENABLE_DEBUG_INFO = NO;
				MTL_FAST_MATH = YES;
				SDKROOT = iphoneos;
				SWIFT_COMPILATION_MODE = wholemodule;
				SWIFT_OPTIMIZATION_LEVEL = "-O";
				VALIDATE_PRODUCT = YES;
			};
			name = Release;
		};
		5DED7E7029D84C6600B87543 /* Debug */ = {
			isa = XCBuildConfiguration;
			baseConfigurationReference = 648AC10F329CDF8C4F886E67 /* Pods-BusBus.debug.xcconfig */;
			buildSettings = {
				ASSETCATALOG_COMPILER_APPICON_NAME = AppIcon;
				ASSETCATALOG_COMPILER_GLOBAL_ACCENT_COLOR_NAME = AccentColor;
				CODE_SIGN_STYLE = Automatic;
				CURRENT_PROJECT_VERSION = 1;
				DEVELOPMENT_TEAM = 98S838N7Z3;
				GENERATE_INFOPLIST_FILE = YES;
				INFOPLIST_FILE = BusBus/Info.plist;
				INFOPLIST_KEY_UIApplicationSupportsIndirectInputEvents = YES;
				INFOPLIST_KEY_UILaunchStoryboardName = LaunchScreen;
				INFOPLIST_KEY_UIMainStoryboardFile = Main;
				INFOPLIST_KEY_UISupportedInterfaceOrientations_iPad = "UIInterfaceOrientationPortrait UIInterfaceOrientationPortraitUpsideDown UIInterfaceOrientationLandscapeLeft UIInterfaceOrientationLandscapeRight";
				INFOPLIST_KEY_UISupportedInterfaceOrientations_iPhone = "UIInterfaceOrientationPortrait UIInterfaceOrientationLandscapeLeft UIInterfaceOrientationLandscapeRight";
				LD_RUNPATH_SEARCH_PATHS = (
					"$(inherited)",
					"@executable_path/Frameworks",
				);
				MARKETING_VERSION = 1.0;
				PRODUCT_BUNDLE_IDENTIFIER = com.noyancepikkurt.BusBus;
				PRODUCT_NAME = "$(TARGET_NAME)";
				SWIFT_EMIT_LOC_STRINGS = YES;
				SWIFT_VERSION = 5.0;
				TARGETED_DEVICE_FAMILY = "1,2";
			};
			name = Debug;
		};
		5DED7E7129D84C6600B87543 /* Release */ = {
			isa = XCBuildConfiguration;
			baseConfigurationReference = 48F5E6752A0819B5C0A0FE55 /* Pods-BusBus.release.xcconfig */;
			buildSettings = {
				ASSETCATALOG_COMPILER_APPICON_NAME = AppIcon;
				ASSETCATALOG_COMPILER_GLOBAL_ACCENT_COLOR_NAME = AccentColor;
				CODE_SIGN_STYLE = Automatic;
				CURRENT_PROJECT_VERSION = 1;
				DEVELOPMENT_TEAM = 98S838N7Z3;
				GENERATE_INFOPLIST_FILE = YES;
				INFOPLIST_FILE = BusBus/Info.plist;
				INFOPLIST_KEY_UIApplicationSupportsIndirectInputEvents = YES;
				INFOPLIST_KEY_UILaunchStoryboardName = LaunchScreen;
				INFOPLIST_KEY_UIMainStoryboardFile = Main;
				INFOPLIST_KEY_UISupportedInterfaceOrientations_iPad = "UIInterfaceOrientationPortrait UIInterfaceOrientationPortraitUpsideDown UIInterfaceOrientationLandscapeLeft UIInterfaceOrientationLandscapeRight";
				INFOPLIST_KEY_UISupportedInterfaceOrientations_iPhone = "UIInterfaceOrientationPortrait UIInterfaceOrientationLandscapeLeft UIInterfaceOrientationLandscapeRight";
				LD_RUNPATH_SEARCH_PATHS = (
					"$(inherited)",
					"@executable_path/Frameworks",
				);
				MARKETING_VERSION = 1.0;
				PRODUCT_BUNDLE_IDENTIFIER = com.noyancepikkurt.BusBus;
				PRODUCT_NAME = "$(TARGET_NAME)";
				SWIFT_EMIT_LOC_STRINGS = YES;
				SWIFT_VERSION = 5.0;
				TARGETED_DEVICE_FAMILY = "1,2";
			};
			name = Release;
		};
/* End XCBuildConfiguration section */

/* Begin XCConfigurationList section */
		5DED7E5629D84C6500B87543 /* Build configuration list for PBXProject "BusBus" */ = {
			isa = XCConfigurationList;
			buildConfigurations = (
				5DED7E6D29D84C6600B87543 /* Debug */,
				5DED7E6E29D84C6600B87543 /* Release */,
			);
			defaultConfigurationIsVisible = 0;
			defaultConfigurationName = Release;
		};
		5DED7E6F29D84C6600B87543 /* Build configuration list for PBXNativeTarget "BusBus" */ = {
			isa = XCConfigurationList;
			buildConfigurations = (
				5DED7E7029D84C6600B87543 /* Debug */,
				5DED7E7129D84C6600B87543 /* Release */,
			);
			defaultConfigurationIsVisible = 0;
			defaultConfigurationName = Release;
		};
/* End XCConfigurationList section */
	};
	rootObject = 5DED7E5329D84C6500B87543 /* Project object */;
}
